
Microsoft Visual Studio Solution File, Format Version 12.00
# Visual Studio Version 17
VisualStudioVersion = 17.0.31903.59
MinimumVisualStudioVersion = 10.0.40219.1
Project("{2150E333-8FDC-42A3-9474-1A3956D46DE8}") = "src", "src", "{DBA0D43F-5152-4953-A25F-9BBB60A2CEC1}"
EndProject
Project("{FAE04EC0-301F-11D3-BF4B-00C04F79EFBC}") = "TZHJ.Core", "src\TZHJ.Core\TZHJ.Core.csproj", "{A2BD6280-30F4-4EC3-BD64-4C373F9F797D}"
EndProject
Project("{FAE04EC0-301F-11D3-BF4B-00C04F79EFBC}") = "TZHJ.Infrastructure", "src\TZHJ.Infrastructure\TZHJ.Infrastructure.csproj", "{A1902D59-48D8-4823-84C9-145C942401C5}"
EndProject
Project("{FAE04EC0-301F-11D3-BF4B-00C04F79EFBC}") = "TZHJ.App", "src\TZHJ.App\TZHJ.App.csproj", "{6F17EC54-FF15-4D5A-B255-5A133108B779}"
EndProject
Project("{FAE04EC0-301F-11D3-BF4B-00C04F79EFBC}") = "TZHJ.Gateway", "src\TZHJ.Gateway\TZHJ.Gateway.csproj", "{AEB69661-9929-45EE-84F0-38B25A1C8547}"
EndProject
Project("{2150E333-8FDC-42A3-9474-1A3956D46DE8}") = "tests", "tests", "{7D3FBB04-B2F1-468D-A772-ABBEE16E0D15}"
EndProject
Project("{FAE04EC0-301F-11D3-BF4B-00C04F79EFBC}") = "TZHJ.Tests", "tests\TZHJ.Tests\TZHJ.Tests.csproj", "{C4F530DE-0813-4B0F-B4D4-79223BF241E7}"
EndProject
Project("{FAE04EC0-301F-11D3-BF4B-00C04F79EFBC}") = "TZHJ.App.Tests", "tests\TZHJ.App.Tests\TZHJ.App.Tests.csproj", "{93C00417-5614-4D70-8A70-DAA40681AF1D}"
EndProject
Global
	GlobalSection(SolutionConfigurationPlatforms) = preSolution
		Debug|Any CPU = Debug|Any CPU
		Release|Any CPU = Release|Any CPU
	EndGlobalSection
	GlobalSection(SolutionProperties) = preSolution
		HideSolutionNode = FALSE
	EndGlobalSection
	GlobalSection(ProjectConfigurationPlatforms) = postSolution
		{A2BD6280-30F4-4EC3-BD64-4C373F9F797D}.Debug|Any CPU.ActiveCfg = Debug|Any CPU
		{A2BD6280-30F4-4EC3-BD64-4C373F9F797D}.Debug|Any CPU.Build.0 = Debug|Any CPU
		{A2BD6280-30F4-4EC3-BD64-4C373F9F797D}.Release|Any CPU.ActiveCfg = Release|Any CPU
		{A2BD6280-30F4-4EC3-BD64-4C373F9F797D}.Release|Any CPU.Build.0 = Release|Any CPU
		{A1902D59-48D8-4823-84C9-145C942401C5}.Debug|Any CPU.ActiveCfg = Debug|Any CPU
		{A1902D59-48D8-4823-84C9-145C942401C5}.Debug|Any CPU.Build.0 = Debug|Any CPU
		{A1902D59-48D8-4823-84C9-145C942401C5}.Release|Any CPU.ActiveCfg = Release|Any CPU
		{A1902D59-48D8-4823-84C9-145C942401C5}.Release|Any CPU.Build.0 = Release|Any CPU
		{6F17EC54-FF15-4D5A-B255-5A133108B779}.Debug|Any CPU.ActiveCfg = Debug|Any CPU
		{6F17EC54-FF15-4D5A-B255-5A133108B779}.Debug|Any CPU.Build.0 = Debug|Any CPU
		{6F17EC54-FF15-4D5A-B255-5A133108B779}.Release|Any CPU.ActiveCfg = Release|Any CPU
		{6F17EC54-FF15-4D5A-B255-5A133108B779}.Release|Any CPU.Build.0 = Release|Any CPU
		{AEB69661-9929-45EE-84F0-38B25A1C8547}.Debug|Any CPU.ActiveCfg = Debug|Any CPU
		{AEB69661-9929-45EE-84F0-38B25A1C8547}.Debug|Any CPU.Build.0 = Debug|Any CPU
		{AEB69661-9929-45EE-84F0-38B25A1C8547}.Release|Any CPU.ActiveCfg = Release|Any CPU
		{AEB69661-9929-45EE-84F0-38B25A1C8547}.Release|Any CPU.Build.0 = Release|Any CPU
		{C4F530DE-0813-4B0F-B4D4-79223BF241E7}.Debug|Any CPU.ActiveCfg = Debug|Any CPU
		{C4F530DE-0813-4B0F-B4D4-79223BF241E7}.Debug|Any CPU.Build.0 = Debug|Any CPU
		{C4F530DE-0813-4B0F-B4D4-79223BF241E7}.Release|Any CPU.ActiveCfg = Release|Any CPU
		{C4F530DE-0813-4B0F-B4D4-79223BF241E7}.Release|Any CPU.Build.0 = Release|Any CPU
		{93C00417-5614-4D70-8A70-DAA40681AF1D}.Debug|Any CPU.ActiveCfg = Debug|Any CPU
		{93C00417-5614-4D70-8A70-DAA40681AF1D}.Debug|Any CPU.Build.0 = Debug|Any CPU
		{93C00417-5614-4D70-8A70-DAA40681AF1D}.Release|Any CPU.ActiveCfg = Release|Any CPU
		{93C00417-5614-4D70-8A70-DAA40681AF1D}.Release|Any CPU.Build.0 = Release|Any CPU
	EndGlobalSection
	GlobalSection(NestedProjects) = preSolution
		{A2BD6280-30F4-4EC3-BD64-4C373F9F797D} = {DBA0D43F-5152-4953-A25F-9BBB60A2CEC1}
		{A1902D59-48D8-4823-84C9-145C942401C5} = {DBA0D43F-5152-4953-A25F-9BBB60A2CEC1}
		{6F17EC54-FF15-4D5A-B255-5A133108B779} = {DBA0D43F-5152-4953-A25F-9BBB60A2CEC1}
		{AEB69661-9929-45EE-84F0-38B25A1C8547} = {DBA0D43F-5152-4953-A25F-9BBB60A2CEC1}
		{C4F530DE-0813-4B0F-B4D4-79223BF241E7} = {7D3FBB04-B2F1-468D-A772-ABBEE16E0D15}
		{93C00417-5614-4D70-8A70-DAA40681AF1D} = {7D3FBB04-B2F1-468D-A772-ABBEE16E0D15}
	EndGlobalSection
EndGlobal
